// !$*UTF8*$!
{
	archiveVersion = 1;
	classes = {
	};
	objectVersion = 46;
	objects = {

/* Begin PBXBuildFile section */
		5113C5CE1C0533FD004591F6 /* AppDelegate.swift in Sources */ = {isa = PBXBuildFile; fileRef = 5113C5CD1C0533FD004591F6 /* AppDelegate.swift */; };
		5113C5D01C0533FD004591F6 /* ViewController.swift in Sources */ = {isa = PBXBuildFile; fileRef = 5113C5CF1C0533FD004591F6 /* ViewController.swift */; };
		5113C5D31C0533FD004591F6 /* Main.storyboard in Resources */ = {isa = PBXBuildFile; fileRef = 5113C5D11C0533FD004591F6 /* Main.storyboard */; };
		5113C5D61C0533FD004591F6 /* CoreDataDemo.xcdatamodeld in Sources */ = {isa = PBXBuildFile; fileRef = 5113C5D41C0533FD004591F6 /* CoreDataDemo.xcdatamodeld */; };
		5113C5D81C0533FD004591F6 /* Assets.xcassets in Resources */ = {isa = PBXBuildFile; fileRef = 5113C5D71C0533FD004591F6 /* Assets.xcassets */; };
		5113C5DB1C0533FD004591F6 /* LaunchScreen.storyboard in Resources */ = {isa = PBXBuildFile; fileRef = 5113C5D91C0533FD004591F6 /* LaunchScreen.storyboard */; };
		5113C5EC1C053DDA004591F6 /* Contacts+CoreDataProperties.swift in Sources */ = {isa = PBXBuildFile; fileRef = 5113C5EA1C053DDA004591F6 /* Contacts+CoreDataProperties.swift */; };
		5113C5ED1C053DDA004591F6 /* Contacts.swift in Sources */ = {isa = PBXBuildFile; fileRef = 5113C5EB1C053DDA004591F6 /* Contacts.swift */; };
/* End PBXBuildFile section */

/* Begin PBXFileReference section */
		5113C5CA1C0533FD004591F6 /* CoreDataDemo.app */ = {isa = PBXFileReference; explicitFileType = wrapper.application; includeInIndex = 0; path = CoreDataDemo.app; sourceTree = BUILT_PRODUCTS_DIR; };
		5113C5CD1C0533FD004591F6 /* AppDelegate.swift */ = {isa = PBXFileReference; lastKnownFileType = sourcecode.swift; path = AppDelegate.swift; sourceTree = "<group>"; };
		5113C5CF1C0533FD004591F6 /* ViewController.swift */ = {isa = PBXFileReference; lastKnownFileType = sourcecode.swift; path = ViewController.swift; sourceTree = "<group>"; };
		5113C5D21C0533FD004591F6 /* Base */ = {isa = PBXFileReference; lastKnownFileType = file.storyboard; name = Base; path = Base.lproj/Main.storyboard; sourceTree = "<group>"; };
		5113C5D51C0533FD004591F6 /* CoreDataDemo.xcdatamodel */ = {isa = PBXFileReference; lastKnownFileType = wrapper.xcdatamodel; path = CoreDataDemo.xcdatamodel; sourceTree = "<group>"; };
		5113C5D71C0533FD004591F6 /* Assets.xcassets */ = {isa = PBXFileReference; lastKnownFileType = folder.assetcatalog; path = Assets.xcassets; sourceTree = "<group>"; };
		5113C5DA1C0533FD004591F6 /* Base */ = {isa = PBXFileReference; lastKnownFileType = file.storyboard; name = Base; path = Base.lproj/LaunchScreen.storyboard; sourceTree = "<group>"; };
		5113C5DC1C0533FD004591F6 /* Info.plist */ = {isa = PBXFileReference; lastKnownFileType = text.plist.xml; path = Info.plist; sourceTree = "<group>"; };
		5113C5EA1C053DDA004591F6 /* Contacts+CoreDataProperties.swift */ = {isa = PBXFileReference; fileEncoding = 4; lastKnownFileType = sourcecode.swift; path = "Contacts+CoreDataProperties.swift"; sourceTree = "<group>"; };
		5113C5EB1C053DDA004591F6 /* Contacts.swift */ = {isa = PBXFileReference; fileEncoding = 4; lastKnownFileType = sourcecode.swift; path = Contacts.swift; sourceTree = "<group>"; };
/* End PBXFileReference section */

/* Begin PBXFrameworksBuildPhase section */
		5113C5C71C0533FD004591F6 /* Frameworks */ = {
			isa = PBXFrameworksBuildPhase;
			buildActionMask = 2147483647;
			files = (
			);
			runOnlyForDeploymentPostprocessing = 0;
		};
/* End PBXFrameworksBuildPhase section */

/* Begin PBXGroup section */
		5113C5C11C0533FD004591F6 = {
			isa = PBXGroup;
			children = (
				5113C5CC1C0533FD004591F6 /* CoreDataDemo */,
				5113C5CB1C0533FD004591F6 /* Products */,
			);
			sourceTree = "<group>";
		};
		5113C5CB1C0533FD004591F6 /* Products */ = {
			isa = PBXGroup;
			children = (
				5113C5CA1C0533FD004591F6 /* CoreDataDemo.app */,
			);
			name = Products;
			sourceTree = "<group>";
		};
		5113C5CC1C0533FD004591F6 /* CoreDataDemo */ = {
			isa = PBXGroup;
			children = (
				5113C5EA1C053DDA004591F6 /* Contacts+CoreDataProperties.swift */,
				5113C5EB1C053DDA004591F6 /* Contacts.swift */,
				5113C5CD1C0533FD004591F6 /* AppDelegate.swift */,
				5113C5CF1C0533FD004591F6 /* ViewController.swift */,
				5113C5D11C0533FD004591F6 /* Main.storyboard */,
				5113C5D71C0533FD004591F6 /* Assets.xcassets */,
				5113C5D91C0533FD004591F6 /* LaunchScreen.storyboard */,
				5113C5DC1C0533FD004591F6 /* Info.plist */,
				5113C5D41C0533FD004591F6 /* CoreDataDemo.xcdatamodeld */,
			);
			path = CoreDataDemo;
			sourceTree = "<group>";
		};
/* End PBXGroup section */

/* Begin PBXNativeTarget section */
		5113C5C91C0533FD004591F6 /* CoreDataDemo */ = {
			isa = PBXNativeTarget;
			buildConfigurationList = 5113C5DF1C0533FD004591F6 /* Build configuration list for PBXNativeTarget "CoreDataDemo" */;
			buildPhases = (
				5113C5C61C0533FD004591F6 /* Sources */,
				5113C5C71C0533FD004591F6 /* Frameworks */,
				5113C5C81C0533FD004591F6 /* Resources */,
			);
			buildRules = (
			);
			dependencies = (
			);
			name = CoreDataDemo;
			productName = CoreDataDemo;
			productReference = 5113C5CA1C0533FD004591F6 /* CoreDataDemo.app */;
			productType = "com.apple.product-type.application";
		};
/* End PBXNativeTarget section */

/* Begin PBXProject section */
		5113C5C21C0533FD004591F6 /* Project object */ = {
			isa = PBXProject;
			attributes = {
				LastSwiftUpdateCheck = 0710;
				LastUpgradeCheck = 0710;
				ORGANIZATIONNAME = "Kerolos Nakhla";
				TargetAttributes = {
					5113C5C91C0533FD004591F6 = {
						CreatedOnToolsVersion = 7.1.1;
					};
				};
			};
			buildConfigurationList = 5113C5C51C0533FD004591F6 /* Build configuration list for PBXProject "CoreDataDemo" */;
			compatibilityVersion = "Xcode 3.2";
			developmentRegion = English;
			hasScannedForEncodings = 0;
			knownRegions = (
				en,
				Base,
			);
			mainGroup = 5113C5C11C0533FD004591F6;
			productRefGroup = 5113C5CB1C0533FD004591F6 /* Products */;
			projectDirPath = "";
			projectRoot = "";
			targets = (
				5113C5C91C0533FD004591F6 /* CoreDataDemo */,
			);
		};
/* End PBXProject section */

/* Begin PBXResourcesBuildPhase section */
		5113C5C81C0533FD004591F6 /* Resources */ = {
			isa = PBXResourcesBuildPhase;
			buildActionMask = 2147483647;
			files = (
				5113C5DB1C0533FD004591F6 /* LaunchScreen.storyboard in Resources */,
				5113C5D81C0533FD004591F6 /* Assets.xcassets in Resources */,
				5113C5D31C0533FD004591F6 /* Main.storyboard in Resources */,
			);
			runOnlyForDeploymentPostprocessing = 0;
		};
/* End PBXResourcesBuildPhase section */

/* Begin PBXSourcesBuildPhase section */
		5113C5C61C0533FD004591F6 /* Sources */ = {
			isa = PBXSourcesBuildPhase;
			buildActionMask = 2147483647;
			files = (
				5113C5D01C0533FD004591F6 /* ViewController.swift in Sources */,
				5113C5D61C0533FD004591F6 /* CoreDataDemo.xcdatamodeld in Sources */,
				5113C5EC1C053DDA004591F6 /* Contacts+CoreDataProperties.swift in Sources */,
				5113C5CE1C0533FD004591F6 /* AppDelegate.swift in Sources */,
				5113C5ED1C053DDA004591F6 /* Contacts.swift in Sources */,
			);
			runOnlyForDeploymentPostprocessing = 0;
		};
/* End PBXSourcesBuildPhase section */

/* Begin PBXVariantGroup section */
		5113C5D11C0533FD004591F6 /* Main.storyboard */ = {
			isa = PBXVariantGroup;
			children = (
				5113C5D21C0533FD004591F6 /* Base */,
			);
			name = Main.storyboard;
			sourceTree = "<group>";
		};
		5113C5D91C0533FD004591F6 /* LaunchScreen.storyboard */ = {
			isa = PBXVariantGroup;
			children = (
				5113C5DA1C0533FD004591F6 /* Base */,
			);
			name = LaunchScreen.storyboard;
			sourceTree = "<group>";
		};
/* End PBXVariantGroup section */

/* Begin XCBuildConfiguration section */
		5113C5DD1C0533FD004591F6 /* Debug */ = {
			isa = XCBuildConfiguration;
			buildSettings = {
				ALWAYS_SEARCH_USER_PATHS = NO;
				CLANG_CXX_LANGUAGE_STANDARD = "gnu++0x";
				CLANG_CXX_LIBRARY = "libc++";
				CLANG_ENABLE_MODULES = YES;
				CLANG_ENABLE_OBJC_ARC = YES;
				CLANG_WARN_BOOL_CONVERSION = YES;
				CLANG_WARN_CONSTANT_CONVERSION = YES;
				CLANG_WARN_DIRECT_OBJC_ISA_USAGE = YES_ERROR;
				CLANG_WARN_EMPTY_BODY = YES;
				CLANG_WARN_ENUM_CONVERSION = YES;
				CLANG_WARN_INT_CONVERSION = YES;
				CLANG_WARN_OBJC_ROOT_CLASS = YES_ERROR;
				CLANG_WARN_UNREACHABLE_CODE = YES;
				CLANG_WARN__DUPLICATE_METHOD_MATCH = YES;
				"CODE_SIGN_IDENTITY[sdk=iphoneos*]" = "iPhone Developer";
				COPY_PHASE_STRIP = NO;
				DEBUG_INFORMATION_FORMAT = dwarf;
				ENABLE_STRICT_OBJC_MSGSEND = YES;
				ENABLE_TESTABILITY = YES;
				GCC_C_LANGUAGE_STANDARD = gnu99;
				GCC_DYNAMIC_NO_PIC = NO;
				GCC_NO_COMMON_BLOCKS = YES;
				GCC_OPTIMIZATION_LEVEL = 0;
				GCC_PREPROCESSOR_DEFINITIONS = (
					"DEBUG=1",
					"$(inherited)",
				);
				GCC_WARN_64_TO_32_BIT_CONVERSION = YES;
				GCC_WARN_ABOUT_RETURN_TYPE = YES_ERROR;
				GCC_WARN_UNDECLARED_SELECTOR = YES;
				GCC_WARN_UNINITIALIZED_AUTOS = YES_AGGRESSIVE;
				GCC_WARN_UNUSED_FUNCTION = YES;
				GCC_WARN_UNUSED_VARIABLE = YES;
				IPHONEOS_DEPLOYMENT_TARGET = 9.1;
				MTL_ENABLE_DEBUG_INFO = YES;
				ONLY_ACTIVE_ARCH = YES;
				SDKROOT = iphoneos;
				SWIFT_OPTIMIZATION_LEVEL = "-Onone";
				TARGETED_DEVICE_FAMILY = "1,2";
			};
			name = Debug;
		};
		5113C5DE1C0533FD004591F6 /* Release */ = {
			isa = XCBuildConfiguration;
			buildSettings = {
				ALWAYS_SEARCH_USER_PATHS = NO;
				CLANG_CXX_LANGUAGE_STANDARD = "gnu++0x";
				CLANG_CXX_LIBRARY = "libc++";
				CLANG_ENABLE_MODULES = YES;
				CLANG_ENABLE_OBJC_ARC = YES;
				CLANG_WARN_BOOL_CONVERSION = YES;
				CLANG_WARN_CONSTANT_CONVERSION = YES;
				CLANG_WARN_DIRECT_OBJC_ISA_USAGE = YES_ERROR;
				CLANG_WARN_EMPTY_BODY = YES;
				CLANG_WARN_ENUM_CONVERSION = YES;
				CLANG_WARN_INT_CONVERSION = YES;
				CLANG_WARN_OBJC_ROOT_CLASS = YES_ERROR;
				CLANG_WARN_UNREACHABLE_CODE = YES;
				CLANG_WARN__DUPLICATE_METHOD_MATCH = YES;
				"CODE_SIGN_IDENTITY[sdk=iphoneos*]" = "iPhone Developer";
				COPY_PHASE_STRIP = NO;
				DEBUG_INFORMATION_FORMAT = "dwarf-with-dsym";
				ENABLE_NS_ASSERTIONS = NO;
				ENABLE_STRICT_OBJC_MSGSEND = YES;
				GCC_C_LANGUAGE_STANDARD = gnu99;
				GCC_NO_COMMON_BLOCKS = YES;
				GCC_WARN_64_TO_32_BIT_CONVERSION = YES;
				GCC_WARN_ABOUT_RETURN_TYPE = YES_ERROR;
				GCC_WARN_UNDECLARED_SELECTOR = YES;
				GCC_WARN_UNINITIALIZED_AUTOS = YES_AGGRESSIVE;
				GCC_WARN_UNUSED_FUNCTION = YES;
				GCC_WARN_UNUSED_VARIABLE = YES;
				IPHONEOS_DEPLOYMENT_TARGET = 9.1;
				MTL_ENABLE_DEBUG_INFO = NO;
				SDKROOT = iphoneos;
				TARGETED_DEVICE_FAMILY = "1,2";
				VALIDATE_PRODUCT = YES;
			};
			name = Release;
		};
		5113C5E01C0533FD004591F6 /* Debug */ = {
			isa = XCBuildConfiguration;
			buildSettings = {
				ASSETCATALOG_COMPILER_APPICON_NAME = AppIcon;
				INFOPLIST_FILE = CoreDataDemo/Info.plist;
				LD_RUNPATH_SEARCH_PATHS = "$(inherited) @executable_path/Frameworks";
				PRODUCT_BUNDLE_IDENTIFIER = com.keronakhla.CoreDataDemo;
				PRODUCT_NAME = "$(TARGET_NAME)";
			};
			name = Debug;
		};
		5113C5E11C0533FD004591F6 /* Release */ = {
			isa = XCBuildConfiguration;
			buildSettings = {
				ASSETCATALOG_COMPILER_APPICON_NAME = AppIcon;
				INFOPLIST_FILE = CoreDataDemo/Info.plist;
				LD_RUNPATH_SEARCH_PATHS = "$(inherited) @executable_path/Frameworks";
				PRODUCT_BUNDLE_IDENTIFIER = com.keronakhla.CoreDataDemo;
				PRODUCT_NAME = "$(TARGET_NAME)";
			};
			name = Release;
		};
/* End XCBuildConfiguration section */

/* Begin XCConfigurationList section */
		5113C5C51C0533FD004591F6 /* Build configuration list for PBXProject "CoreDataDemo" */ = {
			isa = XCConfigurationList;
			buildConfigurations = (
				5113C5DD1C0533FD004591F6 /* Debug */,
				5113C5DE1C0533FD004591F6 /* Release */,
			);
			defaultConfigurationIsVisible = 0;
			defaultConfigurationName = Release;
		};
		5113C5DF1C0533FD004591F6 /* Build configuration list for PBXNativeTarget "CoreDataDemo" */ = {
			isa = XCConfigurationList;
			buildConfigurations = (
				5113C5E01C0533FD004591F6 /* Debug */,
				5113C5E11C0533FD004591F6 /* Release */,
			);
			defaultConfigurationIsVisible = 0;
		};
/* End XCConfigurationList section */

/* Begin XCVersionGroup section */
		5113C5D41C0533FD004591F6 /* CoreDataDemo.xcdatamodeld */ = {
			isa = XCVersionGroup;
			children = (
				5113C5D51C0533FD004591F6 /* CoreDataDemo.xcdatamodel */,
			);
			currentVersion = 5113C5D51C0533FD004591F6 /* CoreDataDemo.xcdatamodel */;
			path = CoreDataDemo.xcdatamodeld;
			sourceTree = "<group>";
			versionGroupType = wrapper.xcdatamodel;
		};
/* End XCVersionGroup section */
	};
	rootObject = 5113C5C21C0533FD004591F6 /* Project object */;
}
